{
  "requires": true,
  "lockfileVersion": 1,
  "dependencies": {
    "bootstrap": {
      "version": "4.1.2",
      "resolved": "https://registry.npmjs.org/bootstrap/-/bootstrap-4.1.2.tgz",
      "integrity": "sha512-3bP609EdMc/8EwgGp8KgpN8HwnR4V4lZ9CTi5pImMrXNxpkw7dK1B05aMwQWpG1ZWmTLlBSN/uzkuz5GsmQNFA=="
    },
    "uikit": {
      "version": "3.0.0-dev.a93ca00",
      "resolved": "https://registry.npmjs.org/uikit/-/uikit-3.0.0-dev.a93ca00.tgz",
      "integrity": "sha512-MugSR5nleTIKTUiXUbRUiK2WgtXZI74nLsa5KL3ljRPFiclK/KuNAhIoynFFv1ktX/f6ud4y9MOyMk26JAupjg=="
    }
  }
}
